
Microsoft Visual Studio Solution File, Format Version 12.00
# Visual Studio 14
VisualStudioVersion = 14.0.25420.1
MinimumVisualStudioVersion = 10.0.40219.1
Project("{FAE04EC0-301F-11D3-BF4B-00C04F79EFBC}") = "KataLoc", "Loc\KataLoc.csproj", "{5A46F8F8-A78F-424D-8888-A436579F4C5B}"
EndProject
Project("{FAE04EC0-301F-11D3-BF4B-00C04F79EFBC}") = "KataLoc.Tests", "KataLoc.Tests\KataLoc.Tests.csproj", "{F4BBC33B-BA94-4921-9F45-474C672622B5}"
EndProject
Global
	GlobalSection(SolutionConfigurationPlatforms) = preSolution
		Debug|Any CPU = Debug|Any CPU
		Release|Any CPU = Release|Any CPU
	EndGlobalSection
	GlobalSection(ProjectConfigurationPlatforms) = postSolution
		{5A46F8F8-A78F-424D-8888-A436579F4C5B}.Debug|Any CPU.ActiveCfg = Debug|Any CPU
		{5A46F8F8-A78F-424D-8888-A436579F4C5B}.Debug|Any CPU.Build.0 = Debug|Any CPU
		{5A46F8F8-A78F-424D-8888-A436579F4C5B}.Release|Any CPU.ActiveCfg = Release|Any CPU
		{5A46F8F8-A78F-424D-8888-A436579F4C5B}.Release|Any CPU.Build.0 = Release|Any CPU
		{F4BBC33B-BA94-4921-9F45-474C672622B5}.Debug|Any CPU.ActiveCfg = Debug|Any CPU
		{F4BBC33B-BA94-4921-9F45-474C672622B5}.Debug|Any CPU.Build.0 = Debug|Any CPU
		{F4BBC33B-BA94-4921-9F45-474C672622B5}.Release|Any CPU.ActiveCfg = Release|Any CPU
		{F4BBC33B-BA94-4921-9F45-474C672622B5}.Release|Any CPU.Build.0 = Release|Any CPU
	EndGlobalSection
	GlobalSection(SolutionProperties) = preSolution
		HideSolutionNode = FALSE
	EndGlobalSection
EndGlobal
